
Microsoft Visual Studio Solution File, Format Version 12.00
# Visual Studio Version 17
VisualStudioVersion = 17.8.34330.188
MinimumVisualStudioVersion = 10.0.40219.1
Project("{FAE04EC0-301F-11D3-BF4B-00C04F79EFBC}") = "module-5", "module-5\module-5.csproj", "{6CFECCD5-8E28-4D3C-A281-F80F978C6B14}"
EndProject
Global
	GlobalSection(SolutionConfigurationPlatforms) = preSolution
		Debug|Any CPU = Debug|Any CPU
		Release|Any CPU = Release|Any CPU
	EndGlobalSection
	GlobalSection(ProjectConfigurationPlatforms) = postSolution
		{6CFECCD5-8E28-4D3C-A281-F80F978C6B14}.Debug|Any CPU.ActiveCfg = Debug|Any CPU
		{6CFECCD5-8E28-4D3C-A281-F80F978C6B14}.Debug|Any CPU.Build.0 = Debug|Any CPU
		{6CFECCD5-8E28-4D3C-A281-F80F978C6B14}.Release|Any CPU.ActiveCfg = Release|Any CPU
		{6CFECCD5-8E28-4D3C-A281-F80F978C6B14}.Release|Any CPU.Build.0 = Release|Any CPU
	EndGlobalSection
	GlobalSection(SolutionProperties) = preSolution
		HideSolutionNode = FALSE
	EndGlobalSection
	GlobalSection(ExtensibilityGlobals) = postSolution
		SolutionGuid = {131CCC32-B51C-43A7-8808-D7D94E499F75}
	EndGlobalSection
EndGlobal
